
Microsoft Visual Studio Solution File, Format Version 12.00
# Visual Studio Version 17
VisualStudioVersion = 17.14.37012.4 d17.14
MinimumVisualStudioVersion = 10.0.40219.1
Project("{FAE04EC0-301F-11D3-BF4B-00C04F79EFBC}") = "NSO", "NSO\NSO.csproj", "{64D5AFAA-9B63-4E4A-8952-1C7E069CAB63}"
EndProject
Project("{FAE04EC0-301F-11D3-BF4B-00C04F79EFBC}") = "NSO.DataAccess", "NSO.DataAccess\NSO.DataAccess.csproj", "{D7DAC35D-EA04-442B-B966-59B45B9F2BF4}"
EndProject
Project("{FAE04EC0-301F-11D3-BF4B-00C04F79EFBC}") = "NSO.Contracts", "NSO.Contracts\NSO.Contracts.csproj", "{1A8A683D-B9E7-4C3B-B574-54A726E8159A}"
EndProject
Project("{FAE04EC0-301F-11D3-BF4B-00C04F79EFBC}") = "NSO.Model", "NSO.Model\NSO.Model.csproj", "{22FFED00-90F9-4A9F-BE91-A899B66FA2E3}"
EndProject
Global
	GlobalSection(SolutionConfigurationPlatforms) = preSolution
		Debug|Any CPU = Debug|Any CPU
		Release|Any CPU = Release|Any CPU
	EndGlobalSection
	GlobalSection(ProjectConfigurationPlatforms) = postSolution
		{64D5AFAA-9B63-4E4A-8952-1C7E069CAB63}.Debug|Any CPU.ActiveCfg = Debug|Any CPU
		{64D5AFAA-9B63-4E4A-8952-1C7E069CAB63}.Debug|Any CPU.Build.0 = Debug|Any CPU
		{64D5AFAA-9B63-4E4A-8952-1C7E069CAB63}.Release|Any CPU.ActiveCfg = Release|Any CPU
		{64D5AFAA-9B63-4E4A-8952-1C7E069CAB63}.Release|Any CPU.Build.0 = Release|Any CPU
		{D7DAC35D-EA04-442B-B966-59B45B9F2BF4}.Debug|Any CPU.ActiveCfg = Debug|Any CPU
		{D7DAC35D-EA04-442B-B966-59B45B9F2BF4}.Debug|Any CPU.Build.0 = Debug|Any CPU
		{D7DAC35D-EA04-442B-B966-59B45B9F2BF4}.Release|Any CPU.ActiveCfg = Release|Any CPU
		{D7DAC35D-EA04-442B-B966-59B45B9F2BF4}.Release|Any CPU.Build.0 = Release|Any CPU
		{1A8A683D-B9E7-4C3B-B574-54A726E8159A}.Debug|Any CPU.ActiveCfg = Debug|Any CPU
		{1A8A683D-B9E7-4C3B-B574-54A726E8159A}.Debug|Any CPU.Build.0 = Debug|Any CPU
		{1A8A683D-B9E7-4C3B-B574-54A726E8159A}.Release|Any CPU.ActiveCfg = Release|Any CPU
		{1A8A683D-B9E7-4C3B-B574-54A726E8159A}.Release|Any CPU.Build.0 = Release|Any CPU
		{22FFED00-90F9-4A9F-BE91-A899B66FA2E3}.Debug|Any CPU.ActiveCfg = Debug|Any CPU
		{22FFED00-90F9-4A9F-BE91-A899B66FA2E3}.Debug|Any CPU.Build.0 = Debug|Any CPU
		{22FFED00-90F9-4A9F-BE91-A899B66FA2E3}.Release|Any CPU.ActiveCfg = Release|Any CPU
		{22FFED00-90F9-4A9F-BE91-A899B66FA2E3}.Release|Any CPU.Build.0 = Release|Any CPU
	EndGlobalSection
	GlobalSection(SolutionProperties) = preSolution
		HideSolutionNode = FALSE
	EndGlobalSection
	GlobalSection(ExtensibilityGlobals) = postSolution
		SolutionGuid = {ED1C0A15-48C8-4B56-A7A3-6B99F8DAE10A}
	EndGlobalSection
EndGlobal
